
Microsoft Visual Studio Solution File, Format Version 11.00
# Visual Studio 2010
Project("{F184B08F-C81C-45F6-A57F-5ABD9991F28F}") = "Assignment_3_4963571", "Assignment_3_4963571\Assignment_3_4963571.vbproj", "{49460261-6616-41E0-BFC9-3F2DAFBC2AE4}"
EndProject
Global
	GlobalSection(SolutionConfigurationPlatforms) = preSolution
		Debug|x86 = Debug|x86
		Release|x86 = Release|x86
	EndGlobalSection
	GlobalSection(ProjectConfigurationPlatforms) = postSolution
		{49460261-6616-41E0-BFC9-3F2DAFBC2AE4}.Debug|x86.ActiveCfg = Debug|x86
		{49460261-6616-41E0-BFC9-3F2DAFBC2AE4}.Debug|x86.Build.0 = Debug|x86
		{49460261-6616-41E0-BFC9-3F2DAFBC2AE4}.Release|x86.ActiveCfg = Release|x86
		{49460261-6616-41E0-BFC9-3F2DAFBC2AE4}.Release|x86.Build.0 = Release|x86
	EndGlobalSection
	GlobalSection(SolutionProperties) = preSolution
		HideSolutionNode = FALSE
	EndGlobalSection
EndGlobal
